
Microsoft Visual Studio Solution File, Format Version 12.00
# Visual Studio Version 17
VisualStudioVersion = 17.7.34221.43
MinimumVisualStudioVersion = 10.0.40219.1
Project("{FAE04EC0-301F-11D3-BF4B-00C04F79EFBC}") = "MagisterCore", "MagisterCore\MagisterCore.csproj", "{C20B503E-6BB0-41F8-BDCD-4B07494FE0E1}"
EndProject
Global
	GlobalSection(SolutionConfigurationPlatforms) = preSolution
		Debug|Any CPU = Debug|Any CPU
		Release|Any CPU = Release|Any CPU
	EndGlobalSection
	GlobalSection(ProjectConfigurationPlatforms) = postSolution
		{C20B503E-6BB0-41F8-BDCD-4B07494FE0E1}.Debug|Any CPU.ActiveCfg = Debug|Any CPU
		{C20B503E-6BB0-41F8-BDCD-4B07494FE0E1}.Debug|Any CPU.Build.0 = Debug|Any CPU
		{C20B503E-6BB0-41F8-BDCD-4B07494FE0E1}.Release|Any CPU.ActiveCfg = Release|Any CPU
		{C20B503E-6BB0-41F8-BDCD-4B07494FE0E1}.Release|Any CPU.Build.0 = Release|Any CPU
	EndGlobalSection
	GlobalSection(SolutionProperties) = preSolution
		HideSolutionNode = FALSE
	EndGlobalSection
	GlobalSection(ExtensibilityGlobals) = postSolution
		SolutionGuid = {BBAEB94D-6995-4EC2-9427-0F8CE6AA1604}
	EndGlobalSection
EndGlobal
